
Microsoft Visual Studio Solution File, Format Version 12.00
# Visual Studio Version 16
VisualStudioVersion = 16.0.29102.190
MinimumVisualStudioVersion = 10.0.40219.1
Project("{9A19103F-16F7-4668-BE54-9A1E7A4F7556}") = "ServerlessIoT.FunctionApps", "ServerlessIoT.FunctionApps\ServerlessIoT.FunctionApps.csproj", "{992B350A-89C7-4322-99CF-78071C2D30A1}"
EndProject
Global
	GlobalSection(SolutionConfigurationPlatforms) = preSolution
		Debug|Any CPU = Debug|Any CPU
		Release|Any CPU = Release|Any CPU
	EndGlobalSection
	GlobalSection(ProjectConfigurationPlatforms) = postSolution
		{992B350A-89C7-4322-99CF-78071C2D30A1}.Debug|Any CPU.ActiveCfg = Debug|Any CPU
		{992B350A-89C7-4322-99CF-78071C2D30A1}.Debug|Any CPU.Build.0 = Debug|Any CPU
		{992B350A-89C7-4322-99CF-78071C2D30A1}.Release|Any CPU.ActiveCfg = Release|Any CPU
		{992B350A-89C7-4322-99CF-78071C2D30A1}.Release|Any CPU.Build.0 = Release|Any CPU
	EndGlobalSection
	GlobalSection(SolutionProperties) = preSolution
		HideSolutionNode = FALSE
	EndGlobalSection
	GlobalSection(ExtensibilityGlobals) = postSolution
		SolutionGuid = {4AED5DF5-8EBF-4D1F-9F6F-20F6BAE6BDAD}
	EndGlobalSection
EndGlobal
