// !$*UTF8*$!
{
	archiveVersion = 1;
	classes = {
	};
	objectVersion = 50;
	objects = {

/* Begin PBXBuildFile section */
		38BA471C20AE9F3F0097183E /* AppDelegate.swift in Sources */ = {isa = PBXBuildFile; fileRef = 38BA471B20AE9F3F0097183E /* AppDelegate.swift */; };
		38BA471E20AE9F3F0097183E /* ViewController.swift in Sources */ = {isa = PBXBuildFile; fileRef = 38BA471D20AE9F3F0097183E /* ViewController.swift */; };
		38BA472120AE9F3F0097183E /* Main.storyboard in Resources */ = {isa = PBXBuildFile; fileRef = 38BA471F20AE9F3F0097183E /* Main.storyboard */; };
		38BA472320AE9F400097183E /* Assets.xcassets in Resources */ = {isa = PBXBuildFile; fileRef = 38BA472220AE9F400097183E /* Assets.xcassets */; };
		38BA472620AE9F400097183E /* LaunchScreen.storyboard in Resources */ = {isa = PBXBuildFile; fileRef = 38BA472420AE9F400097183E /* LaunchScreen.storyboard */; };
		38BA472F20AE9FD30097183E /* MSAL.framework in Frameworks */ = {isa = PBXBuildFile; fileRef = 38BA472E20AE9FD30097183E /* MSAL.framework */; };
		38BA473320AEA19F0097183E /* AzureAdB2CConfig.swift in Sources */ = {isa = PBXBuildFile; fileRef = 38BA473220AEA19F0097183E /* AzureAdB2CConfig.swift */; };
		38BA473520AEA4310097183E /* MSAL.framework in Frameworks */ = {isa = PBXBuildFile; fileRef = 38BA472E20AE9FD30097183E /* MSAL.framework */; };
		38BA473620AEA4310097183E /* MSAL.framework in Embed Frameworks */ = {isa = PBXBuildFile; fileRef = 38BA472E20AE9FD30097183E /* MSAL.framework */; settings = {ATTRIBUTES = (CodeSignOnCopy, RemoveHeadersOnCopy, ); }; };
/* End PBXBuildFile section */

/* Begin PBXCopyFilesBuildPhase section */
		38BA473720AEA4310097183E /* Embed Frameworks */ = {
			isa = PBXCopyFilesBuildPhase;
			buildActionMask = 2147483647;
			dstPath = "";
			dstSubfolderSpec = 10;
			files = (
				38BA473620AEA4310097183E /* MSAL.framework in Embed Frameworks */,
			);
			name = "Embed Frameworks";
			runOnlyForDeploymentPostprocessing = 0;
		};
/* End PBXCopyFilesBuildPhase section */

/* Begin PBXFileReference section */
		38BA471820AE9F3F0097183E /* AzureB2Capp.app */ = {isa = PBXFileReference; explicitFileType = wrapper.application; includeInIndex = 0; path = AzureB2Capp.app; sourceTree = BUILT_PRODUCTS_DIR; };
		38BA471B20AE9F3F0097183E /* AppDelegate.swift */ = {isa = PBXFileReference; lastKnownFileType = sourcecode.swift; path = AppDelegate.swift; sourceTree = "<group>"; };
		38BA471D20AE9F3F0097183E /* ViewController.swift */ = {isa = PBXFileReference; lastKnownFileType = sourcecode.swift; path = ViewController.swift; sourceTree = "<group>"; };
		38BA472020AE9F3F0097183E /* Base */ = {isa = PBXFileReference; lastKnownFileType = file.storyboard; name = Base; path = Base.lproj/Main.storyboard; sourceTree = "<group>"; };
		38BA472220AE9F400097183E /* Assets.xcassets */ = {isa = PBXFileReference; lastKnownFileType = folder.assetcatalog; path = Assets.xcassets; sourceTree = "<group>"; };
		38BA472520AE9F400097183E /* Base */ = {isa = PBXFileReference; lastKnownFileType = file.storyboard; name = Base; path = Base.lproj/LaunchScreen.storyboard; sourceTree = "<group>"; };
		38BA472720AE9F400097183E /* Info.plist */ = {isa = PBXFileReference; lastKnownFileType = text.plist.xml; path = Info.plist; sourceTree = "<group>"; };
		38BA472E20AE9FD30097183E /* MSAL.framework */ = {isa = PBXFileReference; lastKnownFileType = wrapper.framework; name = MSAL.framework; path = "msal-sdk/MSAL.framework"; sourceTree = "<group>"; };
		38BA473220AEA19F0097183E /* AzureAdB2CConfig.swift */ = {isa = PBXFileReference; lastKnownFileType = sourcecode.swift; path = AzureAdB2CConfig.swift; sourceTree = "<group>"; };
		38BA473420AEA3E30097183E /* AzureB2Capp.entitlements */ = {isa = PBXFileReference; lastKnownFileType = text.plist.entitlements; path = AzureB2Capp.entitlements; sourceTree = "<group>"; };
/* End PBXFileReference section */

/* Begin PBXFrameworksBuildPhase section */
		38BA471520AE9F3F0097183E /* Frameworks */ = {
			isa = PBXFrameworksBuildPhase;
			buildActionMask = 2147483647;
			files = (
				38BA472F20AE9FD30097183E /* MSAL.framework in Frameworks */,
				38BA473520AEA4310097183E /* MSAL.framework in Frameworks */,
			);
			runOnlyForDeploymentPostprocessing = 0;
		};
/* End PBXFrameworksBuildPhase section */

/* Begin PBXGroup section */
		38BA470F20AE9F3F0097183E = {
			isa = PBXGroup;
			children = (
				38BA473120AEA17B0097183E /* Configuration */,
				38BA471A20AE9F3F0097183E /* AzureB2Capp */,
				38BA471920AE9F3F0097183E /* Products */,
				38BA472D20AE9FD30097183E /* Frameworks */,
			);
			sourceTree = "<group>";
		};
		38BA471920AE9F3F0097183E /* Products */ = {
			isa = PBXGroup;
			children = (
				38BA471820AE9F3F0097183E /* AzureB2Capp.app */,
			);
			name = Products;
			sourceTree = "<group>";
		};
		38BA471A20AE9F3F0097183E /* AzureB2Capp */ = {
			isa = PBXGroup;
			children = (
				38BA473420AEA3E30097183E /* AzureB2Capp.entitlements */,
				38BA471B20AE9F3F0097183E /* AppDelegate.swift */,
				38BA471D20AE9F3F0097183E /* ViewController.swift */,
				38BA471F20AE9F3F0097183E /* Main.storyboard */,
				38BA472220AE9F400097183E /* Assets.xcassets */,
				38BA472420AE9F400097183E /* LaunchScreen.storyboard */,
				38BA472720AE9F400097183E /* Info.plist */,
			);
			path = AzureB2Capp;
			sourceTree = "<group>";
		};
		38BA472D20AE9FD30097183E /* Frameworks */ = {
			isa = PBXGroup;
			children = (
				38BA472E20AE9FD30097183E /* MSAL.framework */,
			);
			name = Frameworks;
			sourceTree = "<group>";
		};
		38BA473120AEA17B0097183E /* Configuration */ = {
			isa = PBXGroup;
			children = (
				38BA473220AEA19F0097183E /* AzureAdB2CConfig.swift */,
			);
			path = Configuration;
			sourceTree = "<group>";
		};
/* End PBXGroup section */

/* Begin PBXNativeTarget section */
		38BA471720AE9F3F0097183E /* AzureB2Capp */ = {
			isa = PBXNativeTarget;
			buildConfigurationList = 38BA472A20AE9F400097183E /* Build configuration list for PBXNativeTarget "AzureB2Capp" */;
			buildPhases = (
				38BA471420AE9F3F0097183E /* Sources */,
				38BA471520AE9F3F0097183E /* Frameworks */,
				38BA471620AE9F3F0097183E /* Resources */,
				38BA473720AEA4310097183E /* Embed Frameworks */,
			);
			buildRules = (
			);
			dependencies = (
			);
			name = AzureB2Capp;
			productName = AzureB2Capp;
			productReference = 38BA471820AE9F3F0097183E /* AzureB2Capp.app */;
			productType = "com.apple.product-type.application";
		};
/* End PBXNativeTarget section */

/* Begin PBXProject section */
		38BA471020AE9F3F0097183E /* Project object */ = {
			isa = PBXProject;
			attributes = {
				LastSwiftUpdateCheck = 0930;
				LastUpgradeCheck = 0930;
				ORGANIZATIONNAME = devisland;
				TargetAttributes = {
					38BA471720AE9F3F0097183E = {
						CreatedOnToolsVersion = 9.3;
						SystemCapabilities = {
							com.apple.Keychain = {
								enabled = 1;
							};
						};
					};
				};
			};
			buildConfigurationList = 38BA471320AE9F3F0097183E /* Build configuration list for PBXProject "AzureB2Capp" */;
			compatibilityVersion = "Xcode 9.3";
			developmentRegion = en;
			hasScannedForEncodings = 0;
			knownRegions = (
				en,
				Base,
			);
			mainGroup = 38BA470F20AE9F3F0097183E;
			productRefGroup = 38BA471920AE9F3F0097183E /* Products */;
			projectDirPath = "";
			projectRoot = "";
			targets = (
				38BA471720AE9F3F0097183E /* AzureB2Capp */,
			);
		};
/* End PBXProject section */

/* Begin PBXResourcesBuildPhase section */
		38BA471620AE9F3F0097183E /* Resources */ = {
			isa = PBXResourcesBuildPhase;
			buildActionMask = 2147483647;
			files = (
				38BA472620AE9F400097183E /* LaunchScreen.storyboard in Resources */,
				38BA472320AE9F400097183E /* Assets.xcassets in Resources */,
				38BA472120AE9F3F0097183E /* Main.storyboard in Resources */,
			);
			runOnlyForDeploymentPostprocessing = 0;
		};
/* End PBXResourcesBuildPhase section */

/* Begin PBXSourcesBuildPhase section */
		38BA471420AE9F3F0097183E /* Sources */ = {
			isa = PBXSourcesBuildPhase;
			buildActionMask = 2147483647;
			files = (
				38BA473320AEA19F0097183E /* AzureAdB2CConfig.swift in Sources */,
				38BA471E20AE9F3F0097183E /* ViewController.swift in Sources */,
				38BA471C20AE9F3F0097183E /* AppDelegate.swift in Sources */,
			);
			runOnlyForDeploymentPostprocessing = 0;
		};
/* End PBXSourcesBuildPhase section */

/* Begin PBXVariantGroup section */
		38BA471F20AE9F3F0097183E /* Main.storyboard */ = {
			isa = PBXVariantGroup;
			children = (
				38BA472020AE9F3F0097183E /* Base */,
			);
			name = Main.storyboard;
			sourceTree = "<group>";
		};
		38BA472420AE9F400097183E /* LaunchScreen.storyboard */ = {
			isa = PBXVariantGroup;
			children = (
				38BA472520AE9F400097183E /* Base */,
			);
			name = LaunchScreen.storyboard;
			sourceTree = "<group>";
		};
/* End PBXVariantGroup section */

/* Begin XCBuildConfiguration section */
		38BA472820AE9F400097183E /* Debug */ = {
			isa = XCBuildConfiguration;
			buildSettings = {
				ALWAYS_SEARCH_USER_PATHS = NO;
				CLANG_ANALYZER_NONNULL = YES;
				CLANG_ANALYZER_NUMBER_OBJECT_CONVERSION = YES_AGGRESSIVE;
				CLANG_CXX_LANGUAGE_STANDARD = "gnu++14";
				CLANG_CXX_LIBRARY = "libc++";
				CLANG_ENABLE_MODULES = YES;
				CLANG_ENABLE_OBJC_ARC = YES;
				CLANG_ENABLE_OBJC_WEAK = YES;
				CLANG_WARN_BLOCK_CAPTURE_AUTORELEASING = YES;
				CLANG_WARN_BOOL_CONVERSION = YES;
				CLANG_WARN_COMMA = YES;
				CLANG_WARN_CONSTANT_CONVERSION = YES;
				CLANG_WARN_DEPRECATED_OBJC_IMPLEMENTATIONS = YES;
				CLANG_WARN_DIRECT_OBJC_ISA_USAGE = YES_ERROR;
				CLANG_WARN_DOCUMENTATION_COMMENTS = YES;
				CLANG_WARN_EMPTY_BODY = YES;
				CLANG_WARN_ENUM_CONVERSION = YES;
				CLANG_WARN_INFINITE_RECURSION = YES;
				CLANG_WARN_INT_CONVERSION = YES;
				CLANG_WARN_NON_LITERAL_NULL_CONVERSION = YES;
				CLANG_WARN_OBJC_IMPLICIT_RETAIN_SELF = YES;
				CLANG_WARN_OBJC_LITERAL_CONVERSION = YES;
				CLANG_WARN_OBJC_ROOT_CLASS = YES_ERROR;
				CLANG_WARN_RANGE_LOOP_ANALYSIS = YES;
				CLANG_WARN_STRICT_PROTOTYPES = YES;
				CLANG_WARN_SUSPICIOUS_MOVE = YES;
				CLANG_WARN_UNGUARDED_AVAILABILITY = YES_AGGRESSIVE;
				CLANG_WARN_UNREACHABLE_CODE = YES;
				CLANG_WARN__DUPLICATE_METHOD_MATCH = YES;
				CODE_SIGN_IDENTITY = "iPhone Developer";
				COPY_PHASE_STRIP = NO;
				DEBUG_INFORMATION_FORMAT = dwarf;
				ENABLE_STRICT_OBJC_MSGSEND = YES;
				ENABLE_TESTABILITY = YES;
				GCC_C_LANGUAGE_STANDARD = gnu11;
				GCC_DYNAMIC_NO_PIC = NO;
				GCC_NO_COMMON_BLOCKS = YES;
				GCC_OPTIMIZATION_LEVEL = 0;
				GCC_PREPROCESSOR_DEFINITIONS = (
					"DEBUG=1",
					"$(inherited)",
				);
				GCC_WARN_64_TO_32_BIT_CONVERSION = YES;
				GCC_WARN_ABOUT_RETURN_TYPE = YES_ERROR;
				GCC_WARN_UNDECLARED_SELECTOR = YES;
				GCC_WARN_UNINITIALIZED_AUTOS = YES_AGGRESSIVE;
				GCC_WARN_UNUSED_FUNCTION = YES;
				GCC_WARN_UNUSED_VARIABLE = YES;
				IPHONEOS_DEPLOYMENT_TARGET = 11.3;
				MTL_ENABLE_DEBUG_INFO = YES;
				ONLY_ACTIVE_ARCH = YES;
				SDKROOT = iphoneos;
				SWIFT_ACTIVE_COMPILATION_CONDITIONS = DEBUG;
				SWIFT_OPTIMIZATION_LEVEL = "-Onone";
			};
			name = Debug;
		};
		38BA472920AE9F400097183E /* Release */ = {
			isa = XCBuildConfiguration;
			buildSettings = {
				ALWAYS_SEARCH_USER_PATHS = NO;
				CLANG_ANALYZER_NONNULL = YES;
				CLANG_ANALYZER_NUMBER_OBJECT_CONVERSION = YES_AGGRESSIVE;
				CLANG_CXX_LANGUAGE_STANDARD = "gnu++14";
				CLANG_CXX_LIBRARY = "libc++";
				CLANG_ENABLE_MODULES = YES;
				CLANG_ENABLE_OBJC_ARC = YES;
				CLANG_ENABLE_OBJC_WEAK = YES;
				CLANG_WARN_BLOCK_CAPTURE_AUTORELEASING = YES;
				CLANG_WARN_BOOL_CONVERSION = YES;
				CLANG_WARN_COMMA = YES;
				CLANG_WARN_CONSTANT_CONVERSION = YES;
				CLANG_WARN_DEPRECATED_OBJC_IMPLEMENTATIONS = YES;
				CLANG_WARN_DIRECT_OBJC_ISA_USAGE = YES_ERROR;
				CLANG_WARN_DOCUMENTATION_COMMENTS = YES;
				CLANG_WARN_EMPTY_BODY = YES;
				CLANG_WARN_ENUM_CONVERSION = YES;
				CLANG_WARN_INFINITE_RECURSION = YES;
				CLANG_WARN_INT_CONVERSION = YES;
				CLANG_WARN_NON_LITERAL_NULL_CONVERSION = YES;
				CLANG_WARN_OBJC_IMPLICIT_RETAIN_SELF = YES;
				CLANG_WARN_OBJC_LITERAL_CONVERSION = YES;
				CLANG_WARN_OBJC_ROOT_CLASS = YES_ERROR;
				CLANG_WARN_RANGE_LOOP_ANALYSIS = YES;
				CLANG_WARN_STRICT_PROTOTYPES = YES;
				CLANG_WARN_SUSPICIOUS_MOVE = YES;
				CLANG_WARN_UNGUARDED_AVAILABILITY = YES_AGGRESSIVE;
				CLANG_WARN_UNREACHABLE_CODE = YES;
				CLANG_WARN__DUPLICATE_METHOD_MATCH = YES;
				CODE_SIGN_IDENTITY = "iPhone Developer";
				COPY_PHASE_STRIP = NO;
				DEBUG_INFORMATION_FORMAT = "dwarf-with-dsym";
				ENABLE_NS_ASSERTIONS = NO;
				ENABLE_STRICT_OBJC_MSGSEND = YES;
				GCC_C_LANGUAGE_STANDARD = gnu11;
				GCC_NO_COMMON_BLOCKS = YES;
				GCC_WARN_64_TO_32_BIT_CONVERSION = YES;
				GCC_WARN_ABOUT_RETURN_TYPE = YES_ERROR;
				GCC_WARN_UNDECLARED_SELECTOR = YES;
				GCC_WARN_UNINITIALIZED_AUTOS = YES_AGGRESSIVE;
				GCC_WARN_UNUSED_FUNCTION = YES;
				GCC_WARN_UNUSED_VARIABLE = YES;
				IPHONEOS_DEPLOYMENT_TARGET = 11.3;
				MTL_ENABLE_DEBUG_INFO = NO;
				SDKROOT = iphoneos;
				SWIFT_COMPILATION_MODE = wholemodule;
				SWIFT_OPTIMIZATION_LEVEL = "-O";
				VALIDATE_PRODUCT = YES;
			};
			name = Release;
		};
		38BA472B20AE9F400097183E /* Debug */ = {
			isa = XCBuildConfiguration;
			buildSettings = {
				ASSETCATALOG_COMPILER_APPICON_NAME = AppIcon;
				CODE_SIGN_ENTITLEMENTS = AzureB2Capp/AzureB2Capp.entitlements;
				CODE_SIGN_STYLE = Automatic;
				DEVELOPMENT_TEAM = 92DY55QW9H;
				FRAMEWORK_SEARCH_PATHS = (
					"$(inherited)",
					"$(PROJECT_DIR)/msal-sdk",
				);
				INFOPLIST_FILE = AzureB2Capp/Info.plist;
				LD_RUNPATH_SEARCH_PATHS = (
					"$(inherited)",
					"@executable_path/Frameworks",
				);
				PRODUCT_BUNDLE_IDENTIFIER = com.AzureB2Capp;
				PRODUCT_NAME = "$(TARGET_NAME)";
				SWIFT_VERSION = 4.0;
				TARGETED_DEVICE_FAMILY = "1,2";
			};
			name = Debug;
		};
		38BA472C20AE9F400097183E /* Release */ = {
			isa = XCBuildConfiguration;
			buildSettings = {
				ASSETCATALOG_COMPILER_APPICON_NAME = AppIcon;
				CODE_SIGN_ENTITLEMENTS = AzureB2Capp/AzureB2Capp.entitlements;
				CODE_SIGN_STYLE = Automatic;
				DEVELOPMENT_TEAM = 92DY55QW9H;
				FRAMEWORK_SEARCH_PATHS = (
					"$(inherited)",
					"$(PROJECT_DIR)/msal-sdk",
				);
				INFOPLIST_FILE = AzureB2Capp/Info.plist;
				LD_RUNPATH_SEARCH_PATHS = (
					"$(inherited)",
					"@executable_path/Frameworks",
				);
				PRODUCT_BUNDLE_IDENTIFIER = com.AzureB2Capp;
				PRODUCT_NAME = "$(TARGET_NAME)";
				SWIFT_VERSION = 4.0;
				TARGETED_DEVICE_FAMILY = "1,2";
			};
			name = Release;
		};
/* End XCBuildConfiguration section */

/* Begin XCConfigurationList section */
		38BA471320AE9F3F0097183E /* Build configuration list for PBXProject "AzureB2Capp" */ = {
			isa = XCConfigurationList;
			buildConfigurations = (
				38BA472820AE9F400097183E /* Debug */,
				38BA472920AE9F400097183E /* Release */,
			);
			defaultConfigurationIsVisible = 0;
			defaultConfigurationName = Release;
		};
		38BA472A20AE9F400097183E /* Build configuration list for PBXNativeTarget "AzureB2Capp" */ = {
			isa = XCConfigurationList;
			buildConfigurations = (
				38BA472B20AE9F400097183E /* Debug */,
				38BA472C20AE9F400097183E /* Release */,
			);
			defaultConfigurationIsVisible = 0;
			defaultConfigurationName = Release;
		};
/* End XCConfigurationList section */
	};
	rootObject = 38BA471020AE9F3F0097183E /* Project object */;
}
