
Microsoft Visual Studio Solution File, Format Version 12.00
# Visual Studio 15
VisualStudioVersion = 15.0.27703.2035
MinimumVisualStudioVersion = 10.0.40219.1
Project("{FAE04EC0-301F-11D3-BF4B-00C04F79EFBC}") = "AspOnDockerSample.Web", "AspOnDockerSample.Web\AspOnDockerSample.Web.csproj", "{04637A03-5B45-47C3-B8E5-448A7A16BAB0}"
EndProject
Project("{E53339B2-1760-4266-BCC7-CA923CBCF16C}") = "docker-compose", "docker-compose.dcproj", "{14777089-DC0E-4146-B9BB-3F5A60431F71}"
EndProject
Global
	GlobalSection(SolutionConfigurationPlatforms) = preSolution
		Debug|Any CPU = Debug|Any CPU
		Release|Any CPU = Release|Any CPU
	EndGlobalSection
	GlobalSection(ProjectConfigurationPlatforms) = postSolution
		{04637A03-5B45-47C3-B8E5-448A7A16BAB0}.Debug|Any CPU.ActiveCfg = Debug|Any CPU
		{04637A03-5B45-47C3-B8E5-448A7A16BAB0}.Debug|Any CPU.Build.0 = Debug|Any CPU
		{04637A03-5B45-47C3-B8E5-448A7A16BAB0}.Release|Any CPU.ActiveCfg = Release|Any CPU
		{04637A03-5B45-47C3-B8E5-448A7A16BAB0}.Release|Any CPU.Build.0 = Release|Any CPU
		{14777089-DC0E-4146-B9BB-3F5A60431F71}.Debug|Any CPU.ActiveCfg = Debug|Any CPU
		{14777089-DC0E-4146-B9BB-3F5A60431F71}.Debug|Any CPU.Build.0 = Debug|Any CPU
		{14777089-DC0E-4146-B9BB-3F5A60431F71}.Release|Any CPU.ActiveCfg = Release|Any CPU
		{14777089-DC0E-4146-B9BB-3F5A60431F71}.Release|Any CPU.Build.0 = Release|Any CPU
	EndGlobalSection
	GlobalSection(SolutionProperties) = preSolution
		HideSolutionNode = FALSE
	EndGlobalSection
	GlobalSection(ExtensibilityGlobals) = postSolution
		SolutionGuid = {75863420-C3C4-4622-9FB4-966F1981C193}
	EndGlobalSection
EndGlobal
