
Microsoft Visual Studio Solution File, Format Version 12.00
# Visual Studio Version 16
VisualStudioVersion = 16.0.31205.134
MinimumVisualStudioVersion = 10.0.40219.1
Project("{FAE04EC0-301F-11D3-BF4B-00C04F79EFBC}") = "TMF.Secure.API", "TMF.Secure.API\TMF.Secure.API.csproj", "{71DFBF68-C919-4E4F-9129-A33997EFEDF3}"
EndProject
Global
	GlobalSection(SolutionConfigurationPlatforms) = preSolution
		Debug|Any CPU = Debug|Any CPU
		Release|Any CPU = Release|Any CPU
	EndGlobalSection
	GlobalSection(ProjectConfigurationPlatforms) = postSolution
		{71DFBF68-C919-4E4F-9129-A33997EFEDF3}.Debug|Any CPU.ActiveCfg = Debug|Any CPU
		{71DFBF68-C919-4E4F-9129-A33997EFEDF3}.Debug|Any CPU.Build.0 = Debug|Any CPU
		{71DFBF68-C919-4E4F-9129-A33997EFEDF3}.Release|Any CPU.ActiveCfg = Release|Any CPU
		{71DFBF68-C919-4E4F-9129-A33997EFEDF3}.Release|Any CPU.Build.0 = Release|Any CPU
	EndGlobalSection
	GlobalSection(SolutionProperties) = preSolution
		HideSolutionNode = FALSE
	EndGlobalSection
	GlobalSection(ExtensibilityGlobals) = postSolution
		SolutionGuid = {AEF74E81-DB49-4369-A93B-857E81D264AB}
	EndGlobalSection
EndGlobal
