
Microsoft Visual Studio Solution File, Format Version 12.00
# Visual Studio 15
VisualStudioVersion = 15.0.27428.2005
MinimumVisualStudioVersion = 10.0.40219.1
Project("{FAE04EC0-301F-11D3-BF4B-00C04F79EFBC}") = "PushNotificationsWebApi.Web", "PushNotificationsWebApi.Web\PushNotificationsWebApi.Web.csproj", "{AD7C3323-AA08-400D-801A-DE8CC8EAE990}"
EndProject
Global
	GlobalSection(SolutionConfigurationPlatforms) = preSolution
		Debug|Any CPU = Debug|Any CPU
		Release|Any CPU = Release|Any CPU
	EndGlobalSection
	GlobalSection(ProjectConfigurationPlatforms) = postSolution
		{AD7C3323-AA08-400D-801A-DE8CC8EAE990}.Debug|Any CPU.ActiveCfg = Debug|Any CPU
		{AD7C3323-AA08-400D-801A-DE8CC8EAE990}.Debug|Any CPU.Build.0 = Debug|Any CPU
		{AD7C3323-AA08-400D-801A-DE8CC8EAE990}.Release|Any CPU.ActiveCfg = Release|Any CPU
		{AD7C3323-AA08-400D-801A-DE8CC8EAE990}.Release|Any CPU.Build.0 = Release|Any CPU
	EndGlobalSection
	GlobalSection(SolutionProperties) = preSolution
		HideSolutionNode = FALSE
	EndGlobalSection
	GlobalSection(ExtensibilityGlobals) = postSolution
		SolutionGuid = {4874794B-3724-45C6-90CF-C2CF3CABB1C0}
	EndGlobalSection
EndGlobal
